// !$*UTF8*$!
{
	archiveVersion = 1;
	classes = {
	};
	objectVersion = 46;
	objects = {

/* Begin PBXBuildFile section */
		0F069BD6195C989000B9BEB8 /* UITextView+UL.m in Sources */ = {isa = PBXBuildFile; fileRef = 0F069BD5195C989000B9BEB8 /* UITextView+UL.m */; };
		0F3FA72C192D622200475394 /* UIViewController+DataBinding.m in Sources */ = {isa = PBXBuildFile; fileRef = 0F3FA72B192D622200475394 /* UIViewController+DataBinding.m */; };
		0F69E09519FB03BE00898CC5 /* ALScheduleManager.m in Sources */ = {isa = PBXBuildFile; fileRef = 0F69E09419FB03BE00898CC5 /* ALScheduleManager.m */; };
		0F69E09819FB060B00898CC5 /* ALScheduledTask.m in Sources */ = {isa = PBXBuildFile; fileRef = 0F69E09719FB060B00898CC5 /* ALScheduledTask.m */; };
		0F69E0A819FEFFE400898CC5 /* ASMainMenu.m in Sources */ = {isa = PBXBuildFile; fileRef = 0F69E0A719FEFFE400898CC5 /* ASMainMenu.m */; };
		0F69E0AB19FF011D00898CC5 /* ASMainMenuDataSource.m in Sources */ = {isa = PBXBuildFile; fileRef = 0F69E0AA19FF011D00898CC5 /* ASMainMenuDataSource.m */; };
		0F69E0AE19FF02A700898CC5 /* ASScheduleViewController.m in Sources */ = {isa = PBXBuildFile; fileRef = 0F69E0AD19FF02A700898CC5 /* ASScheduleViewController.m */; };
		0F69E0B119FF09FA00898CC5 /* ASScheduleDataSource.m in Sources */ = {isa = PBXBuildFile; fileRef = 0F69E0B019FF09FA00898CC5 /* ASScheduleDataSource.m */; };
		0F87C7FC19ABAED700E79260 /* NSLayoutConstraint+UL.m in Sources */ = {isa = PBXBuildFile; fileRef = 0F87C7F519ABAED600E79260 /* NSLayoutConstraint+UL.m */; };
		0F87C7FE19ABAED700E79260 /* UIView+Hierachy.m in Sources */ = {isa = PBXBuildFile; fileRef = 0F87C7F919ABAED700E79260 /* UIView+Hierachy.m */; };
		0F87C7FF19ABAED700E79260 /* UIView+LayoutPosition.m in Sources */ = {isa = PBXBuildFile; fileRef = 0F87C7FB19ABAED700E79260 /* UIView+LayoutPosition.m */; };
		0F8C25FE1924FA1400A6223A /* Foundation.framework in Frameworks */ = {isa = PBXBuildFile; fileRef = 0F8C25FD1924FA1400A6223A /* Foundation.framework */; };
		0F8C26001924FA1400A6223A /* CoreGraphics.framework in Frameworks */ = {isa = PBXBuildFile; fileRef = 0F8C25FF1924FA1400A6223A /* CoreGraphics.framework */; };
		0F8C26021924FA1400A6223A /* UIKit.framework in Frameworks */ = {isa = PBXBuildFile; fileRef = 0F8C26011924FA1400A6223A /* UIKit.framework */; };
		0F8C26041924FA1400A6223A /* CoreData.framework in Frameworks */ = {isa = PBXBuildFile; fileRef = 0F8C26031924FA1400A6223A /* CoreData.framework */; };
		0F8C260A1924FA1400A6223A /* InfoPlist.strings in Resources */ = {isa = PBXBuildFile; fileRef = 0F8C26081924FA1400A6223A /* InfoPlist.strings */; };
		0F8C260C1924FA1400A6223A /* main.m in Sources */ = {isa = PBXBuildFile; fileRef = 0F8C260B1924FA1400A6223A /* main.m */; };
		0F8C26101924FA1400A6223A /* ASAppDelegate.m in Sources */ = {isa = PBXBuildFile; fileRef = 0F8C260F1924FA1400A6223A /* ASAppDelegate.m */; };
		0F8C26131924FA1400A6223A /* AppSDK.xcdatamodeld in Sources */ = {isa = PBXBuildFile; fileRef = 0F8C26111924FA1400A6223A /* AppSDK.xcdatamodeld */; };
		0F8C26151924FA1400A6223A /* Images.xcassets in Resources */ = {isa = PBXBuildFile; fileRef = 0F8C26141924FA1400A6223A /* Images.xcassets */; };
		0F8C261C1924FA1400A6223A /* XCTest.framework in Frameworks */ = {isa = PBXBuildFile; fileRef = 0F8C261B1924FA1400A6223A /* XCTest.framework */; };
		0F8C261D1924FA1400A6223A /* Foundation.framework in Frameworks */ = {isa = PBXBuildFile; fileRef = 0F8C25FD1924FA1400A6223A /* Foundation.framework */; };
		0F8C261E1924FA1400A6223A /* UIKit.framework in Frameworks */ = {isa = PBXBuildFile; fileRef = 0F8C26011924FA1400A6223A /* UIKit.framework */; };
		0F8C261F1924FA1400A6223A /* CoreData.framework in Frameworks */ = {isa = PBXBuildFile; fileRef = 0F8C26031924FA1400A6223A /* CoreData.framework */; };
		0F8C26271924FA1400A6223A /* InfoPlist.strings in Resources */ = {isa = PBXBuildFile; fileRef = 0F8C26251924FA1400A6223A /* InfoPlist.strings */; };
		0F8C26411924FE7C00A6223A /* UIView+UL.m in Sources */ = {isa = PBXBuildFile; fileRef = 0F8C26401924FE7C00A6223A /* UIView+UL.m */; };
		0F8C264519252C7200A6223A /* UIImage+StackBlur.m in Sources */ = {isa = PBXBuildFile; fileRef = 0F8C264419252C7200A6223A /* UIImage+StackBlur.m */; };
		0F8C264819252C9700A6223A /* UIView+Blur.m in Sources */ = {isa = PBXBuildFile; fileRef = 0F8C264719252C9700A6223A /* UIView+Blur.m */; };
		0F8C264C19252F1D00A6223A /* UIView+DataBinding.m in Sources */ = {isa = PBXBuildFile; fileRef = 0F8C264B19252F1D00A6223A /* UIView+DataBinding.m */; };
		0F8C265219252F8600A6223A /* ALSetterTransformer.m in Sources */ = {isa = PBXBuildFile; fileRef = 0F8C264F19252F8600A6223A /* ALSetterTransformer.m */; };
		0F8C265319252F8600A6223A /* ALPropertiesTransformer.m in Sources */ = {isa = PBXBuildFile; fileRef = 0F8C265119252F8600A6223A /* ALPropertiesTransformer.m */; };
		0F8C265619252F9500A6223A /* ULViewDataSource.m in Sources */ = {isa = PBXBuildFile; fileRef = 0F8C265519252F9500A6223A /* ULViewDataSource.m */; };
		0F8C26591925376C00A6223A /* NSObject+AL.m in Sources */ = {isa = PBXBuildFile; fileRef = 0F8C26581925376C00A6223A /* NSObject+AL.m */; };
		0F8C266219253CBB00A6223A /* UIDevice+Compatibility.m in Sources */ = {isa = PBXBuildFile; fileRef = 0F8C266119253CBB00A6223A /* UIDevice+Compatibility.m */; };
		0F8C266519253E9A00A6223A /* UIColor+UL.m in Sources */ = {isa = PBXBuildFile; fileRef = 0F8C266419253E9A00A6223A /* UIColor+UL.m */; };
		0F8C266819253F7F00A6223A /* UIImage+UL.m in Sources */ = {isa = PBXBuildFile; fileRef = 0F8C266719253F7F00A6223A /* UIImage+UL.m */; };
		0F8C266B192540BF00A6223A /* UIAlertView+UL.m in Sources */ = {isa = PBXBuildFile; fileRef = 0F8C266A192540BF00A6223A /* UIAlertView+UL.m */; };
		0F8C266E1925424500A6223A /* UIActionSheet+UL.m in Sources */ = {isa = PBXBuildFile; fileRef = 0F8C266D1925424500A6223A /* UIActionSheet+UL.m */; };
		0F8C26721925435B00A6223A /* NSUserDefaults+DL.m in Sources */ = {isa = PBXBuildFile; fileRef = 0F8C26711925435B00A6223A /* NSUserDefaults+DL.m */; };
		0F8C2675192543BF00A6223A /* UIViewController+UL.m in Sources */ = {isa = PBXBuildFile; fileRef = 0F8C2674192543BF00A6223A /* UIViewController+UL.m */; };
		0F8C2678192544AE00A6223A /* NSArray+AL.m in Sources */ = {isa = PBXBuildFile; fileRef = 0F8C2677192544AE00A6223A /* NSArray+AL.m */; };
		0F8C267B1925460000A6223A /* NSMutableArray+AL.m in Sources */ = {isa = PBXBuildFile; fileRef = 0F8C267A1925460000A6223A /* NSMutableArray+AL.m */; };
		0F8C267E192546FF00A6223A /* NSString+AL.m in Sources */ = {isa = PBXBuildFile; fileRef = 0F8C267D192546FF00A6223A /* NSString+AL.m */; };
		0F8C2681192547D900A6223A /* UIBarButtonItem+UL.m in Sources */ = {isa = PBXBuildFile; fileRef = 0F8C2680192547D900A6223A /* UIBarButtonItem+UL.m */; };
		0F8C268419254B3D00A6223A /* UITextField+UL.m in Sources */ = {isa = PBXBuildFile; fileRef = 0F8C268319254B3D00A6223A /* UITextField+UL.m */; };
		0F8C268719254C8B00A6223A /* UINavigationBar+UL.m in Sources */ = {isa = PBXBuildFile; fileRef = 0F8C268619254C8B00A6223A /* UINavigationBar+UL.m */; };
		0F8C26B619255AF200A6223A /* AppSDK.podspec in Resources */ = {isa = PBXBuildFile; fileRef = 0F8C26B519255AF200A6223A /* AppSDK.podspec */; };
		0F8C26C11925967600A6223A /* ULDataSourceManager.m in Sources */ = {isa = PBXBuildFile; fileRef = 0F8C26C01925967600A6223A /* ULDataSourceManager.m */; };
		0F8C26C4192596A500A6223A /* ULManagedDataSource.m in Sources */ = {isa = PBXBuildFile; fileRef = 0F8C26C3192596A500A6223A /* ULManagedDataSource.m */; };
		0F8C26C71925986900A6223A /* ULTagTableViewController.m in Sources */ = {isa = PBXBuildFile; fileRef = 0F8C26C61925986900A6223A /* ULTagTableViewController.m */; };
		0F91298719E73BFB00F0111E /* DLStorage.m in Sources */ = {isa = PBXBuildFile; fileRef = 0F91298619E73BFB00F0111E /* DLStorage.m */; };
		0F9129CC19E857FF00F0111E /* DLAppStorage.m in Sources */ = {isa = PBXBuildFile; fileRef = 0F9129CB19E857FF00F0111E /* DLAppStorage.m */; };
		0F912A0619E89E0A00F0111E /* NSUserDefaultsTest.m in Sources */ = {isa = PBXBuildFile; fileRef = 0F912A0519E89E0A00F0111E /* NSUserDefaultsTest.m */; };
		0F912A0819EC50F300F0111E /* AppStorageTest.m in Sources */ = {isa = PBXBuildFile; fileRef = 0F912A0719EC50F300F0111E /* AppStorageTest.m */; };
		0F912A0B19EC5C8C00F0111E /* DLInMemoryAppStorage.m in Sources */ = {isa = PBXBuildFile; fileRef = 0F912A0A19EC5C8C00F0111E /* DLInMemoryAppStorage.m */; };
		0F912A0D19EC74C000F0111E /* InMemoryAppStorageTest.m in Sources */ = {isa = PBXBuildFile; fileRef = 0F912A0C19EC74C000F0111E /* InMemoryAppStorageTest.m */; };
		0FC96E201925A36400AB5AE4 /* NSManagedObject+DL.m in Sources */ = {isa = PBXBuildFile; fileRef = 0FC96E1F1925A36400AB5AE4 /* NSManagedObject+DL.m */; };
		0FC96E231925A3E500AB5AE4 /* NSManagedObjectContext+DL.m in Sources */ = {isa = PBXBuildFile; fileRef = 0FC96E221925A3E500AB5AE4 /* NSManagedObjectContext+DL.m */; };
		0FC96E281925A49100AB5AE4 /* DLMOCManager.m in Sources */ = {isa = PBXBuildFile; fileRef = 0FC96E271925A49100AB5AE4 /* DLMOCManager.m */; };
		0FC96E331925B19F00AB5AE4 /* DLMOCFetcher.m in Sources */ = {isa = PBXBuildFile; fileRef = 0FC96E2B1925B19F00AB5AE4 /* DLMOCFetcher.m */; };
		0FC96E341925B19F00AB5AE4 /* DLMOCMonitor.m in Sources */ = {isa = PBXBuildFile; fileRef = 0FC96E2D1925B19F00AB5AE4 /* DLMOCMonitor.m */; };
		0FC96E351925B19F00AB5AE4 /* DLMOCMonitor+Section.m in Sources */ = {isa = PBXBuildFile; fileRef = 0FC96E2F1925B19F00AB5AE4 /* DLMOCMonitor+Section.m */; };
		0FC96E361925B19F00AB5AE4 /* DLMOCInteraction.m in Sources */ = {isa = PBXBuildFile; fileRef = 0FC96E321925B19F00AB5AE4 /* DLMOCInteraction.m */; };
		0FC96E391925BA6F00AB5AE4 /* DLFileManager.m in Sources */ = {isa = PBXBuildFile; fileRef = 0FC96E381925BA6F00AB5AE4 /* DLFileManager.m */; };
		0FC96F5D192A6EAE00AB5AE4 /* UIView+Border.m in Sources */ = {isa = PBXBuildFile; fileRef = 0FC96F5C192A6EAE00AB5AE4 /* UIView+Border.m */; };
/* End PBXBuildFile section */

/* Begin PBXContainerItemProxy section */
		0F8C26201924FA1400A6223A /* PBXContainerItemProxy */ = {
			isa = PBXContainerItemProxy;
			containerPortal = 0F8C25F21924FA1400A6223A /* Project object */;
			proxyType = 1;
			remoteGlobalIDString = 0F8C25F91924FA1400A6223A;
			remoteInfo = AppSDK;
		};
/* End PBXContainerItemProxy section */

/* Begin PBXFileReference section */
		0F069BD4195C989000B9BEB8 /* UITextView+UL.h */ = {isa = PBXFileReference; fileEncoding = 4; lastKnownFileType = sourcecode.c.h; path = "UITextView+UL.h"; sourceTree = "<group>"; };
		0F069BD5195C989000B9BEB8 /* UITextView+UL.m */ = {isa = PBXFileReference; fileEncoding = 4; lastKnownFileType = sourcecode.c.objc; path = "UITextView+UL.m"; sourceTree = "<group>"; };
		0F3FA72A192D622200475394 /* UIViewController+DataBinding.h */ = {isa = PBXFileReference; fileEncoding = 4; lastKnownFileType = sourcecode.c.h; path = "UIViewController+DataBinding.h"; sourceTree = "<group>"; };
		0F3FA72B192D622200475394 /* UIViewController+DataBinding.m */ = {isa = PBXFileReference; fileEncoding = 4; lastKnownFileType = sourcecode.c.objc; path = "UIViewController+DataBinding.m"; sourceTree = "<group>"; };
		0F69E09319FB03BE00898CC5 /* ALScheduleManager.h */ = {isa = PBXFileReference; fileEncoding = 4; lastKnownFileType = sourcecode.c.h; path = ALScheduleManager.h; sourceTree = "<group>"; };
		0F69E09419FB03BE00898CC5 /* ALScheduleManager.m */ = {isa = PBXFileReference; fileEncoding = 4; lastKnownFileType = sourcecode.c.objc; path = ALScheduleManager.m; sourceTree = "<group>"; };
		0F69E09619FB060B00898CC5 /* ALScheduledTask.h */ = {isa = PBXFileReference; fileEncoding = 4; lastKnownFileType = sourcecode.c.h; path = ALScheduledTask.h; sourceTree = "<group>"; };
		0F69E09719FB060B00898CC5 /* ALScheduledTask.m */ = {isa = PBXFileReference; fileEncoding = 4; lastKnownFileType = sourcecode.c.objc; path = ALScheduledTask.m; sourceTree = "<group>"; };
		0F69E0A619FEFFE400898CC5 /* ASMainMenu.h */ = {isa = PBXFileReference; fileEncoding = 4; lastKnownFileType = sourcecode.c.h; path = ASMainMenu.h; sourceTree = "<group>"; };
		0F69E0A719FEFFE400898CC5 /* ASMainMenu.m */ = {isa = PBXFileReference; fileEncoding = 4; lastKnownFileType = sourcecode.c.objc; path = ASMainMenu.m; sourceTree = "<group>"; };
		0F69E0A919FF011D00898CC5 /* ASMainMenuDataSource.h */ = {isa = PBXFileReference; fileEncoding = 4; lastKnownFileType = sourcecode.c.h; path = ASMainMenuDataSource.h; sourceTree = "<group>"; };
		0F69E0AA19FF011D00898CC5 /* ASMainMenuDataSource.m */ = {isa = PBXFileReference; fileEncoding = 4; lastKnownFileType = sourcecode.c.objc; path = ASMainMenuDataSource.m; sourceTree = "<group>"; };
		0F69E0AC19FF02A700898CC5 /* ASScheduleViewController.h */ = {isa = PBXFileReference; fileEncoding = 4; lastKnownFileType = sourcecode.c.h; path = ASScheduleViewController.h; sourceTree = "<group>"; };
		0F69E0AD19FF02A700898CC5 /* ASScheduleViewController.m */ = {isa = PBXFileReference; fileEncoding = 4; lastKnownFileType = sourcecode.c.objc; path = ASScheduleViewController.m; sourceTree = "<group>"; };
		0F69E0AF19FF09FA00898CC5 /* ASScheduleDataSource.h */ = {isa = PBXFileReference; fileEncoding = 4; lastKnownFileType = sourcecode.c.h; path = ASScheduleDataSource.h; sourceTree = "<group>"; };
		0F69E0B019FF09FA00898CC5 /* ASScheduleDataSource.m */ = {isa = PBXFileReference; fileEncoding = 4; lastKnownFileType = sourcecode.c.objc; path = ASScheduleDataSource.m; sourceTree = "<group>"; };
		0F87C7F419ABAED600E79260 /* NSLayoutConstraint+UL.h */ = {isa = PBXFileReference; fileEncoding = 4; lastKnownFileType = sourcecode.c.h; path = "NSLayoutConstraint+UL.h"; sourceTree = "<group>"; };
		0F87C7F519ABAED600E79260 /* NSLayoutConstraint+UL.m */ = {isa = PBXFileReference; fileEncoding = 4; lastKnownFileType = sourcecode.c.objc; path = "NSLayoutConstraint+UL.m"; sourceTree = "<group>"; };
		0F87C7F819ABAED700E79260 /* UIView+Hierachy.h */ = {isa = PBXFileReference; fileEncoding = 4; lastKnownFileType = sourcecode.c.h; path = "UIView+Hierachy.h"; sourceTree = "<group>"; };
		0F87C7F919ABAED700E79260 /* UIView+Hierachy.m */ = {isa = PBXFileReference; fileEncoding = 4; lastKnownFileType = sourcecode.c.objc; path = "UIView+Hierachy.m"; sourceTree = "<group>"; };
		0F87C7FA19ABAED700E79260 /* UIView+LayoutPosition.h */ = {isa = PBXFileReference; fileEncoding = 4; lastKnownFileType = sourcecode.c.h; path = "UIView+LayoutPosition.h"; sourceTree = "<group>"; };
		0F87C7FB19ABAED700E79260 /* UIView+LayoutPosition.m */ = {isa = PBXFileReference; fileEncoding = 4; lastKnownFileType = sourcecode.c.objc; path = "UIView+LayoutPosition.m"; sourceTree = "<group>"; };
		0F8C25FA1924FA1400A6223A /* AppSDK.app */ = {isa = PBXFileReference; explicitFileType = wrapper.application; includeInIndex = 0; path = AppSDK.app; sourceTree = BUILT_PRODUCTS_DIR; };
		0F8C25FD1924FA1400A6223A /* Foundation.framework */ = {isa = PBXFileReference; lastKnownFileType = wrapper.framework; name = Foundation.framework; path = System/Library/Frameworks/Foundation.framework; sourceTree = SDKROOT; };
		0F8C25FF1924FA1400A6223A /* CoreGraphics.framework */ = {isa = PBXFileReference; lastKnownFileType = wrapper.framework; name = CoreGraphics.framework; path = System/Library/Frameworks/CoreGraphics.framework; sourceTree = SDKROOT; };
		0F8C26011924FA1400A6223A /* UIKit.framework */ = {isa = PBXFileReference; lastKnownFileType = wrapper.framework; name = UIKit.framework; path = System/Library/Frameworks/UIKit.framework; sourceTree = SDKROOT; };
		0F8C26031924FA1400A6223A /* CoreData.framework */ = {isa = PBXFileReference; lastKnownFileType = wrapper.framework; name = CoreData.framework; path = System/Library/Frameworks/CoreData.framework; sourceTree = SDKROOT; };
		0F8C26071924FA1400A6223A /* AppSDK-Info.plist */ = {isa = PBXFileReference; lastKnownFileType = text.plist.xml; path = "AppSDK-Info.plist"; sourceTree = "<group>"; };
		0F8C26091924FA1400A6223A /* en */ = {isa = PBXFileReference; lastKnownFileType = text.plist.strings; name = en; path = en.lproj/InfoPlist.strings; sourceTree = "<group>"; };
		0F8C260B1924FA1400A6223A /* main.m */ = {isa = PBXFileReference; lastKnownFileType = sourcecode.c.objc; path = main.m; sourceTree = "<group>"; };
		0F8C260D1924FA1400A6223A /* AppSDK-Prefix.pch */ = {isa = PBXFileReference; lastKnownFileType = sourcecode.c.h; path = "AppSDK-Prefix.pch"; sourceTree = "<group>"; };
		0F8C260E1924FA1400A6223A /* ASAppDelegate.h */ = {isa = PBXFileReference; lastKnownFileType = sourcecode.c.h; path = ASAppDelegate.h; sourceTree = "<group>"; };
		0F8C260F1924FA1400A6223A /* ASAppDelegate.m */ = {isa = PBXFileReference; lastKnownFileType = sourcecode.c.objc; path = ASAppDelegate.m; sourceTree = "<group>"; };
		0F8C26121924FA1400A6223A /* AppSDK.xcdatamodel */ = {isa = PBXFileReference; lastKnownFileType = wrapper.xcdatamodel; path = AppSDK.xcdatamodel; sourceTree = "<group>"; };
		0F8C26141924FA1400A6223A /* Images.xcassets */ = {isa = PBXFileReference; lastKnownFileType = folder.assetcatalog; path = Images.xcassets; sourceTree = "<group>"; };
		0F8C261A1924FA1400A6223A /* AppSDKTests.xctest */ = {isa = PBXFileReference; explicitFileType = wrapper.cfbundle; includeInIndex = 0; path = AppSDKTests.xctest; sourceTree = BUILT_PRODUCTS_DIR; };
		0F8C261B1924FA1400A6223A /* XCTest.framework */ = {isa = PBXFileReference; lastKnownFileType = wrapper.framework; name = XCTest.framework; path = Library/Frameworks/XCTest.framework; sourceTree = DEVELOPER_DIR; };
		0F8C26241924FA1400A6223A /* AppSDKTests-Info.plist */ = {isa = PBXFileReference; lastKnownFileType = text.plist.xml; path = "AppSDKTests-Info.plist"; sourceTree = "<group>"; };
		0F8C26261924FA1400A6223A /* en */ = {isa = PBXFileReference; lastKnownFileType = text.plist.strings; name = en; path = en.lproj/InfoPlist.strings; sourceTree = "<group>"; };
		0F8C263F1924FE7C00A6223A /* UIView+UL.h */ = {isa = PBXFileReference; fileEncoding = 4; lastKnownFileType = sourcecode.c.h; path = "UIView+UL.h"; sourceTree = "<group>"; };
		0F8C26401924FE7C00A6223A /* UIView+UL.m */ = {isa = PBXFileReference; fileEncoding = 4; lastKnownFileType = sourcecode.c.objc; path = "UIView+UL.m"; sourceTree = "<group>"; };
		0F8C264319252C7200A6223A /* UIImage+StackBlur.h */ = {isa = PBXFileReference; fileEncoding = 4; lastKnownFileType = sourcecode.c.h; path = "UIImage+StackBlur.h"; sourceTree = "<group>"; };
		0F8C264419252C7200A6223A /* UIImage+StackBlur.m */ = {isa = PBXFileReference; fileEncoding = 4; lastKnownFileType = sourcecode.c.objc; path = "UIImage+StackBlur.m"; sourceTree = "<group>"; };
		0F8C264619252C9700A6223A /* UIView+Blur.h */ = {isa = PBXFileReference; fileEncoding = 4; lastKnownFileType = sourcecode.c.h; path = "UIView+Blur.h"; sourceTree = "<group>"; };
		0F8C264719252C9700A6223A /* UIView+Blur.m */ = {isa = PBXFileReference; fileEncoding = 4; lastKnownFileType = sourcecode.c.objc; path = "UIView+Blur.m"; sourceTree = "<group>"; };
		0F8C264A19252F1D00A6223A /* UIView+DataBinding.h */ = {isa = PBXFileReference; fileEncoding = 4; lastKnownFileType = sourcecode.c.h; path = "UIView+DataBinding.h"; sourceTree = "<group>"; };
		0F8C264B19252F1D00A6223A /* UIView+DataBinding.m */ = {isa = PBXFileReference; fileEncoding = 4; lastKnownFileType = sourcecode.c.objc; path = "UIView+DataBinding.m"; sourceTree = "<group>"; };
		0F8C264E19252F8600A6223A /* ALSetterTransformer.h */ = {isa = PBXFileReference; fileEncoding = 4; lastKnownFileType = sourcecode.c.h; path = ALSetterTransformer.h; sourceTree = "<group>"; };
		0F8C264F19252F8600A6223A /* ALSetterTransformer.m */ = {isa = PBXFileReference; fileEncoding = 4; lastKnownFileType = sourcecode.c.objc; path = ALSetterTransformer.m; sourceTree = "<group>"; };
		0F8C265019252F8600A6223A /* ALPropertiesTransformer.h */ = {isa = PBXFileReference; fileEncoding = 4; lastKnownFileType = sourcecode.c.h; path = ALPropertiesTransformer.h; sourceTree = "<group>"; };
		0F8C265119252F8600A6223A /* ALPropertiesTransformer.m */ = {isa = PBXFileReference; fileEncoding = 4; lastKnownFileType = sourcecode.c.objc; path = ALPropertiesTransformer.m; sourceTree = "<group>"; };
		0F8C265419252F9500A6223A /* ULViewDataSource.h */ = {isa = PBXFileReference; fileEncoding = 4; lastKnownFileType = sourcecode.c.h; path = ULViewDataSource.h; sourceTree = "<group>"; };
		0F8C265519252F9500A6223A /* ULViewDataSource.m */ = {isa = PBXFileReference; fileEncoding = 4; lastKnownFileType = sourcecode.c.objc; path = ULViewDataSource.m; sourceTree = "<group>"; };
		0F8C26571925376C00A6223A /* NSObject+AL.h */ = {isa = PBXFileReference; fileEncoding = 4; lastKnownFileType = sourcecode.c.h; path = "NSObject+AL.h"; sourceTree = "<group>"; };
		0F8C26581925376C00A6223A /* NSObject+AL.m */ = {isa = PBXFileReference; fileEncoding = 4; lastKnownFileType = sourcecode.c.objc; path = "NSObject+AL.m"; sourceTree = "<group>"; };
		0F8C266019253CBB00A6223A /* UIDevice+Compatibility.h */ = {isa = PBXFileReference; fileEncoding = 4; lastKnownFileType = sourcecode.c.h; path = "UIDevice+Compatibility.h"; sourceTree = "<group>"; };
		0F8C266119253CBB00A6223A /* UIDevice+Compatibility.m */ = {isa = PBXFileReference; fileEncoding = 4; lastKnownFileType = sourcecode.c.objc; path = "UIDevice+Compatibility.m"; sourceTree = "<group>"; };
		0F8C266319253E9A00A6223A /* UIColor+UL.h */ = {isa = PBXFileReference; fileEncoding = 4; lastKnownFileType = sourcecode.c.h; path = "UIColor+UL.h"; sourceTree = "<group>"; };
		0F8C266419253E9A00A6223A /* UIColor+UL.m */ = {isa = PBXFileReference; fileEncoding = 4; lastKnownFileType = sourcecode.c.objc; path = "UIColor+UL.m"; sourceTree = "<group>"; };
		0F8C266619253F7F00A6223A /* UIImage+UL.h */ = {isa = PBXFileReference; fileEncoding = 4; lastKnownFileType = sourcecode.c.h; path = "UIImage+UL.h"; sourceTree = "<group>"; };
		0F8C266719253F7F00A6223A /* UIImage+UL.m */ = {isa = PBXFileReference; fileEncoding = 4; lastKnownFileType = sourcecode.c.objc; path = "UIImage+UL.m"; sourceTree = "<group>"; };
		0F8C2669192540BF00A6223A /* UIAlertView+UL.h */ = {isa = PBXFileReference; fileEncoding = 4; lastKnownFileType = sourcecode.c.h; path = "UIAlertView+UL.h"; sourceTree = "<group>"; };
		0F8C266A192540BF00A6223A /* UIAlertView+UL.m */ = {isa = PBXFileReference; fileEncoding = 4; lastKnownFileType = sourcecode.c.objc; path = "UIAlertView+UL.m"; sourceTree = "<group>"; };
		0F8C266C1925424500A6223A /* UIActionSheet+UL.h */ = {isa = PBXFileReference; fileEncoding = 4; lastKnownFileType = sourcecode.c.h; path = "UIActionSheet+UL.h"; sourceTree = "<group>"; };
		0F8C266D1925424500A6223A /* UIActionSheet+UL.m */ = {isa = PBXFileReference; fileEncoding = 4; lastKnownFileType = sourcecode.c.objc; path = "UIActionSheet+UL.m"; sourceTree = "<group>"; };
		0F8C26701925435B00A6223A /* NSUserDefaults+DL.h */ = {isa = PBXFileReference; fileEncoding = 4; lastKnownFileType = sourcecode.c.h; path = "NSUserDefaults+DL.h"; sourceTree = "<group>"; };
		0F8C26711925435B00A6223A /* NSUserDefaults+DL.m */ = {isa = PBXFileReference; fileEncoding = 4; lastKnownFileType = sourcecode.c.objc; path = "NSUserDefaults+DL.m"; sourceTree = "<group>"; };
		0F8C2673192543BF00A6223A /* UIViewController+UL.h */ = {isa = PBXFileReference; fileEncoding = 4; lastKnownFileType = sourcecode.c.h; path = "UIViewController+UL.h"; sourceTree = "<group>"; };
		0F8C2674192543BF00A6223A /* UIViewController+UL.m */ = {isa = PBXFileReference; fileEncoding = 4; lastKnownFileType = sourcecode.c.objc; path = "UIViewController+UL.m"; sourceTree = "<group>"; };
		0F8C2676192544AE00A6223A /* NSArray+AL.h */ = {isa = PBXFileReference; fileEncoding = 4; lastKnownFileType = sourcecode.c.h; path = "NSArray+AL.h"; sourceTree = "<group>"; };
		0F8C2677192544AE00A6223A /* NSArray+AL.m */ = {isa = PBXFileReference; fileEncoding = 4; lastKnownFileType = sourcecode.c.objc; path = "NSArray+AL.m"; sourceTree = "<group>"; };
		0F8C26791925460000A6223A /* NSMutableArray+AL.h */ = {isa = PBXFileReference; fileEncoding = 4; lastKnownFileType = sourcecode.c.h; path = "NSMutableArray+AL.h"; sourceTree = "<group>"; };
		0F8C267A1925460000A6223A /* NSMutableArray+AL.m */ = {isa = PBXFileReference; fileEncoding = 4; lastKnownFileType = sourcecode.c.objc; path = "NSMutableArray+AL.m"; sourceTree = "<group>"; };
		0F8C267C192546FF00A6223A /* NSString+AL.h */ = {isa = PBXFileReference; fileEncoding = 4; lastKnownFileType = sourcecode.c.h; path = "NSString+AL.h"; sourceTree = "<group>"; };
		0F8C267D192546FF00A6223A /* NSString+AL.m */ = {isa = PBXFileReference; fileEncoding = 4; lastKnownFileType = sourcecode.c.objc; path = "NSString+AL.m"; sourceTree = "<group>"; };
		0F8C267F192547D900A6223A /* UIBarButtonItem+UL.h */ = {isa = PBXFileReference; fileEncoding = 4; lastKnownFileType = sourcecode.c.h; path = "UIBarButtonItem+UL.h"; sourceTree = "<group>"; };
		0F8C2680192547D900A6223A /* UIBarButtonItem+UL.m */ = {isa = PBXFileReference; fileEncoding = 4; lastKnownFileType = sourcecode.c.objc; path = "UIBarButtonItem+UL.m"; sourceTree = "<group>"; };
		0F8C268219254B3D00A6223A /* UITextField+UL.h */ = {isa = PBXFileReference; fileEncoding = 4; lastKnownFileType = sourcecode.c.h; path = "UITextField+UL.h"; sourceTree = "<group>"; };
		0F8C268319254B3D00A6223A /* UITextField+UL.m */ = {isa = PBXFileReference; fileEncoding = 4; lastKnownFileType = sourcecode.c.objc; path = "UITextField+UL.m"; sourceTree = "<group>"; };
		0F8C268519254C8B00A6223A /* UINavigationBar+UL.h */ = {isa = PBXFileReference; fileEncoding = 4; lastKnownFileType = sourcecode.c.h; path = "UINavigationBar+UL.h"; sourceTree = "<group>"; };
		0F8C268619254C8B00A6223A /* UINavigationBar+UL.m */ = {isa = PBXFileReference; fileEncoding = 4; lastKnownFileType = sourcecode.c.objc; path = "UINavigationBar+UL.m"; sourceTree = "<group>"; };
		0F8C26B519255AF200A6223A /* AppSDK.podspec */ = {isa = PBXFileReference; fileEncoding = 4; lastKnownFileType = text; path = AppSDK.podspec; sourceTree = "<group>"; };
		0F8C26BF1925967600A6223A /* ULDataSourceManager.h */ = {isa = PBXFileReference; fileEncoding = 4; lastKnownFileType = sourcecode.c.h; path = ULDataSourceManager.h; sourceTree = "<group>"; };
		0F8C26C01925967600A6223A /* ULDataSourceManager.m */ = {isa = PBXFileReference; fileEncoding = 4; lastKnownFileType = sourcecode.c.objc; path = ULDataSourceManager.m; sourceTree = "<group>"; };
		0F8C26C2192596A500A6223A /* ULManagedDataSource.h */ = {isa = PBXFileReference; fileEncoding = 4; lastKnownFileType = sourcecode.c.h; path = ULManagedDataSource.h; sourceTree = "<group>"; };
		0F8C26C3192596A500A6223A /* ULManagedDataSource.m */ = {isa = PBXFileReference; fileEncoding = 4; lastKnownFileType = sourcecode.c.objc; path = ULManagedDataSource.m; sourceTree = "<group>"; };
		0F8C26C51925986900A6223A /* ULTagTableViewController.h */ = {isa = PBXFileReference; fileEncoding = 4; lastKnownFileType = sourcecode.c.h; path = ULTagTableViewController.h; sourceTree = "<group>"; };
		0F8C26C61925986900A6223A /* ULTagTableViewController.m */ = {isa = PBXFileReference; fileEncoding = 4; lastKnownFileType = sourcecode.c.objc; path = ULTagTableViewController.m; sourceTree = "<group>"; };
		0F91298519E73BFB00F0111E /* DLStorage.h */ = {isa = PBXFileReference; fileEncoding = 4; lastKnownFileType = sourcecode.c.h; path = DLStorage.h; sourceTree = "<group>"; };
		0F91298619E73BFB00F0111E /* DLStorage.m */ = {isa = PBXFileReference; fileEncoding = 4; lastKnownFileType = sourcecode.c.objc; path = DLStorage.m; sourceTree = "<group>"; };
		0F91298819E74F4300F0111E /* AppLib.h */ = {isa = PBXFileReference; fileEncoding = 4; lastKnownFileType = sourcecode.c.h; path = AppLib.h; sourceTree = "<group>"; };
		0F91298919E8403000F0111E /* AppLibExtension.h */ = {isa = PBXFileReference; fileEncoding = 4; lastKnownFileType = sourcecode.c.h; path = AppLibExtension.h; sourceTree = "<group>"; };
		0F91298A19E8416A00F0111E /* AppLibValueTransformer.h */ = {isa = PBXFileReference; fileEncoding = 4; lastKnownFileType = sourcecode.c.h; path = AppLibValueTransformer.h; sourceTree = "<group>"; };
		0F91298B19E8420D00F0111E /* AppLibScheduler.h */ = {isa = PBXFileReference; fileEncoding = 4; lastKnownFileType = sourcecode.c.h; path = AppLibScheduler.h; sourceTree = "<group>"; };
		0F91298C19E8423700F0111E /* DataLib.h */ = {isa = PBXFileReference; fileEncoding = 4; lastKnownFileType = sourcecode.c.h; path = DataLib.h; sourceTree = "<group>"; };
		0F91298D19E842AD00F0111E /* DataLibDiskPersistent.h */ = {isa = PBXFileReference; fileEncoding = 4; lastKnownFileType = sourcecode.c.h; path = DataLibDiskPersistent.h; sourceTree = "<group>"; };
		0F91298E19E842D700F0111E /* DataLibAppPersistent.h */ = {isa = PBXFileReference; fileEncoding = 4; lastKnownFileType = sourcecode.c.h; path = DataLibAppPersistent.h; sourceTree = "<group>"; };
		0F91298F19E842FF00F0111E /* DataLibCoreData.h */ = {isa = PBXFileReference; fileEncoding = 4; lastKnownFileType = sourcecode.c.h; path = DataLibCoreData.h; sourceTree = "<group>"; };
		0F91299019E8433200F0111E /* UILib.h */ = {isa = PBXFileReference; fileEncoding = 4; lastKnownFileType = sourcecode.c.h; path = UILib.h; sourceTree = "<group>"; };
		0F91299119E8436B00F0111E /* UILibExtension.h */ = {isa = PBXFileReference; fileEncoding = 4; lastKnownFileType = sourcecode.c.h; path = UILibExtension.h; sourceTree = "<group>"; };
		0F91299219E843B600F0111E /* UILibAutoLayout.h */ = {isa = PBXFileReference; fileEncoding = 4; lastKnownFileType = sourcecode.c.h; path = UILibAutoLayout.h; sourceTree = "<group>"; };
		0F91299319E843E300F0111E /* UILibDataBinding.h */ = {isa = PBXFileReference; fileEncoding = 4; lastKnownFileType = sourcecode.c.h; path = UILibDataBinding.h; sourceTree = "<group>"; };
		0F91299419E8441900F0111E /* UILibTagTable.h */ = {isa = PBXFileReference; fileEncoding = 4; lastKnownFileType = sourcecode.c.h; path = UILibTagTable.h; sourceTree = "<group>"; };
		0F9129C719E84B5300F0111E /* DataLibShared.h */ = {isa = PBXFileReference; fileEncoding = 4; lastKnownFileType = sourcecode.c.h; path = DataLibShared.h; sourceTree = "<group>"; };
		0F9129C819E84CE100F0111E /* SamplePodFile */ = {isa = PBXFileReference; lastKnownFileType = text; path = SamplePodFile; sourceTree = "<group>"; };
		0F9129CA19E857FF00F0111E /* DLAppStorage.h */ = {isa = PBXFileReference; fileEncoding = 4; lastKnownFileType = sourcecode.c.h; path = DLAppStorage.h; sourceTree = "<group>"; };
		0F9129CB19E857FF00F0111E /* DLAppStorage.m */ = {isa = PBXFileReference; fileEncoding = 4; lastKnownFileType = sourcecode.c.objc; path = DLAppStorage.m; sourceTree = "<group>"; };
		0F9129CE19E85C0E00F0111E /* AppLibShared.h */ = {isa = PBXFileReference; fileEncoding = 4; lastKnownFileType = sourcecode.c.h; path = AppLibShared.h; sourceTree = "<group>"; };
		0F9129CF19E85F7800F0111E /* TODO */ = {isa = PBXFileReference; lastKnownFileType = text; path = TODO; sourceTree = "<group>"; };
		0F912A0519E89E0A00F0111E /* NSUserDefaultsTest.m */ = {isa = PBXFileReference; fileEncoding = 4; lastKnownFileType = sourcecode.c.objc; path = NSUserDefaultsTest.m; sourceTree = "<group>"; };
		0F912A0719EC50F300F0111E /* AppStorageTest.m */ = {isa = PBXFileReference; fileEncoding = 4; lastKnownFileType = sourcecode.c.objc; path = AppStorageTest.m; sourceTree = "<group>"; };
		0F912A0919EC5C8C00F0111E /* DLInMemoryAppStorage.h */ = {isa = PBXFileReference; fileEncoding = 4; lastKnownFileType = sourcecode.c.h; path = DLInMemoryAppStorage.h; sourceTree = "<group>"; };
		0F912A0A19EC5C8C00F0111E /* DLInMemoryAppStorage.m */ = {isa = PBXFileReference; fileEncoding = 4; lastKnownFileType = sourcecode.c.objc; path = DLInMemoryAppStorage.m; sourceTree = "<group>"; };
		0F912A0C19EC74C000F0111E /* InMemoryAppStorageTest.m */ = {isa = PBXFileReference; fileEncoding = 4; lastKnownFileType = sourcecode.c.objc; path = InMemoryAppStorageTest.m; sourceTree = "<group>"; };
		0FC96E1E1925A36400AB5AE4 /* NSManagedObject+DL.h */ = {isa = PBXFileReference; fileEncoding = 4; lastKnownFileType = sourcecode.c.h; path = "NSManagedObject+DL.h"; sourceTree = "<group>"; };
		0FC96E1F1925A36400AB5AE4 /* NSManagedObject+DL.m */ = {isa = PBXFileReference; fileEncoding = 4; lastKnownFileType = sourcecode.c.objc; path = "NSManagedObject+DL.m"; sourceTree = "<group>"; };
		0FC96E211925A3E500AB5AE4 /* NSManagedObjectContext+DL.h */ = {isa = PBXFileReference; fileEncoding = 4; lastKnownFileType = sourcecode.c.h; path = "NSManagedObjectContext+DL.h"; sourceTree = "<group>"; };
		0FC96E221925A3E500AB5AE4 /* NSManagedObjectContext+DL.m */ = {isa = PBXFileReference; fileEncoding = 4; lastKnownFileType = sourcecode.c.objc; path = "NSManagedObjectContext+DL.m"; sourceTree = "<group>"; };
		0FC96E251925A49100AB5AE4 /* DLMOCManager.h */ = {isa = PBXFileReference; fileEncoding = 4; lastKnownFileType = sourcecode.c.h; path = DLMOCManager.h; sourceTree = "<group>"; };
		0FC96E261925A49100AB5AE4 /* DLMOCManager_Private.h */ = {isa = PBXFileReference; fileEncoding = 4; lastKnownFileType = sourcecode.c.h; path = DLMOCManager_Private.h; sourceTree = "<group>"; };
		0FC96E271925A49100AB5AE4 /* DLMOCManager.m */ = {isa = PBXFileReference; fileEncoding = 4; lastKnownFileType = sourcecode.c.objc; path = DLMOCManager.m; sourceTree = "<group>"; };
		0FC96E2A1925B19F00AB5AE4 /* DLMOCFetcher.h */ = {isa = PBXFileReference; fileEncoding = 4; lastKnownFileType = sourcecode.c.h; path = DLMOCFetcher.h; sourceTree = "<group>"; };
		0FC96E2B1925B19F00AB5AE4 /* DLMOCFetcher.m */ = {isa = PBXFileReference; fileEncoding = 4; lastKnownFileType = sourcecode.c.objc; path = DLMOCFetcher.m; sourceTree = "<group>"; };
		0FC96E2C1925B19F00AB5AE4 /* DLMOCMonitor.h */ = {isa = PBXFileReference; fileEncoding = 4; lastKnownFileType = sourcecode.c.h; path = DLMOCMonitor.h; sourceTree = "<group>"; };
		0FC96E2D1925B19F00AB5AE4 /* DLMOCMonitor.m */ = {isa = PBXFileReference; fileEncoding = 4; lastKnownFileType = sourcecode.c.objc; path = DLMOCMonitor.m; sourceTree = "<group>"; };
		0FC96E2E1925B19F00AB5AE4 /* DLMOCMonitor+Section.h */ = {isa = PBXFileReference; fileEncoding = 4; lastKnownFileType = sourcecode.c.h; path = "DLMOCMonitor+Section.h"; sourceTree = "<group>"; };
		0FC96E2F1925B19F00AB5AE4 /* DLMOCMonitor+Section.m */ = {isa = PBXFileReference; fileEncoding = 4; lastKnownFileType = sourcecode.c.objc; path = "DLMOCMonitor+Section.m"; sourceTree = "<group>"; };
		0FC96E301925B19F00AB5AE4 /* DLMOCInteraction.h */ = {isa = PBXFileReference; fileEncoding = 4; lastKnownFileType = sourcecode.c.h; path = DLMOCInteraction.h; sourceTree = "<group>"; };
		0FC96E311925B19F00AB5AE4 /* DLMOCInteraction_Private.h */ = {isa = PBXFileReference; fileEncoding = 4; lastKnownFileType = sourcecode.c.h; path = DLMOCInteraction_Private.h; sourceTree = "<group>"; };
		0FC96E321925B19F00AB5AE4 /* DLMOCInteraction.m */ = {isa = PBXFileReference; fileEncoding = 4; lastKnownFileType = sourcecode.c.objc; path = DLMOCInteraction.m; sourceTree = "<group>"; };
		0FC96E371925BA6F00AB5AE4 /* DLFileManager.h */ = {isa = PBXFileReference; fileEncoding = 4; lastKnownFileType = sourcecode.c.h; path = DLFileManager.h; sourceTree = "<group>"; };
		0FC96E381925BA6F00AB5AE4 /* DLFileManager.m */ = {isa = PBXFileReference; fileEncoding = 4; lastKnownFileType = sourcecode.c.objc; path = DLFileManager.m; sourceTree = "<group>"; };
		0FC96F5B192A6EAE00AB5AE4 /* UIView+Border.h */ = {isa = PBXFileReference; fileEncoding = 4; lastKnownFileType = sourcecode.c.h; path = "UIView+Border.h"; sourceTree = "<group>"; };
		0FC96F5C192A6EAE00AB5AE4 /* UIView+Border.m */ = {isa = PBXFileReference; fileEncoding = 4; lastKnownFileType = sourcecode.c.objc; path = "UIView+Border.m"; sourceTree = "<group>"; };
/* End PBXFileReference section */

/* Begin PBXFrameworksBuildPhase section */
		0F8C25F71924FA1400A6223A /* Frameworks */ = {
			isa = PBXFrameworksBuildPhase;
			buildActionMask = 2147483647;
			files = (
				0F8C26001924FA1400A6223A /* CoreGraphics.framework in Frameworks */,
				0F8C26041924FA1400A6223A /* CoreData.framework in Frameworks */,
				0F8C26021924FA1400A6223A /* UIKit.framework in Frameworks */,
				0F8C25FE1924FA1400A6223A /* Foundation.framework in Frameworks */,
			);
			runOnlyForDeploymentPostprocessing = 0;
		};
		0F8C26171924FA1400A6223A /* Frameworks */ = {
			isa = PBXFrameworksBuildPhase;
			buildActionMask = 2147483647;
			files = (
				0F8C261C1924FA1400A6223A /* XCTest.framework in Frameworks */,
				0F8C261F1924FA1400A6223A /* CoreData.framework in Frameworks */,
				0F8C261E1924FA1400A6223A /* UIKit.framework in Frameworks */,
				0F8C261D1924FA1400A6223A /* Foundation.framework in Frameworks */,
			);
			runOnlyForDeploymentPostprocessing = 0;
		};
/* End PBXFrameworksBuildPhase section */

/* Begin PBXGroup section */
		0F69E0A519FEFF6E00898CC5 /* Scheduler */ = {
			isa = PBXGroup;
			children = (
				0F69E0AC19FF02A700898CC5 /* ASScheduleViewController.h */,
				0F69E0AD19FF02A700898CC5 /* ASScheduleViewController.m */,
				0F69E0AF19FF09FA00898CC5 /* ASScheduleDataSource.h */,
				0F69E0B019FF09FA00898CC5 /* ASScheduleDataSource.m */,
			);
			name = Scheduler;
			sourceTree = "<group>";
		};
		0F87C7F319ABAEA100E79260 /* Autolayout */ = {
			isa = PBXGroup;
			children = (
				0F91299219E843B600F0111E /* UILibAutoLayout.h */,
				0F87C7F419ABAED600E79260 /* NSLayoutConstraint+UL.h */,
				0F87C7F519ABAED600E79260 /* NSLayoutConstraint+UL.m */,
				0F87C7F819ABAED700E79260 /* UIView+Hierachy.h */,
				0F87C7F919ABAED700E79260 /* UIView+Hierachy.m */,
				0F87C7FA19ABAED700E79260 /* UIView+LayoutPosition.h */,
				0F87C7FB19ABAED700E79260 /* UIView+LayoutPosition.m */,
			);
			path = Autolayout;
			sourceTree = "<group>";
		};
		0F8C25F11924FA1400A6223A = {
			isa = PBXGroup;
			children = (
				0F9129CF19E85F7800F0111E /* TODO */,
				0F9129C819E84CE100F0111E /* SamplePodFile */,
				0F8C26B519255AF200A6223A /* AppSDK.podspec */,
				0F8C26321924FA2700A6223A /* AppLib */,
				0F8C26341924FA4500A6223A /* DataLib */,
				0F8C26331924FA3B00A6223A /* UILib */,
				0F8C26051924FA1400A6223A /* AppSDK */,
				0F8C26221924FA1400A6223A /* AppSDKTests */,
				0F8C25FC1924FA1400A6223A /* Frameworks */,
				0F8C25FB1924FA1400A6223A /* Products */,
			);
			sourceTree = "<group>";
		};
		0F8C25FB1924FA1400A6223A /* Products */ = {
			isa = PBXGroup;
			children = (
				0F8C25FA1924FA1400A6223A /* AppSDK.app */,
				0F8C261A1924FA1400A6223A /* AppSDKTests.xctest */,
			);
			name = Products;
			sourceTree = "<group>";
		};
		0F8C25FC1924FA1400A6223A /* Frameworks */ = {
			isa = PBXGroup;
			children = (
				0F8C25FD1924FA1400A6223A /* Foundation.framework */,
				0F8C25FF1924FA1400A6223A /* CoreGraphics.framework */,
				0F8C26011924FA1400A6223A /* UIKit.framework */,
				0F8C26031924FA1400A6223A /* CoreData.framework */,
				0F8C261B1924FA1400A6223A /* XCTest.framework */,
			);
			name = Frameworks;
			sourceTree = "<group>";
		};
		0F8C26051924FA1400A6223A /* AppSDK */ = {
			isa = PBXGroup;
			children = (
				0F69E0A519FEFF6E00898CC5 /* Scheduler */,
				0F8C260E1924FA1400A6223A /* ASAppDelegate.h */,
				0F8C260F1924FA1400A6223A /* ASAppDelegate.m */,
				0F69E0A619FEFFE400898CC5 /* ASMainMenu.h */,
				0F69E0A719FEFFE400898CC5 /* ASMainMenu.m */,
				0F69E0A919FF011D00898CC5 /* ASMainMenuDataSource.h */,
				0F69E0AA19FF011D00898CC5 /* ASMainMenuDataSource.m */,
				0F8C26141924FA1400A6223A /* Images.xcassets */,
				0F8C26111924FA1400A6223A /* AppSDK.xcdatamodeld */,
				0F8C26061924FA1400A6223A /* Supporting Files */,
			);
			path = AppSDK;
			sourceTree = "<group>";
		};
		0F8C26061924FA1400A6223A /* Supporting Files */ = {
			isa = PBXGroup;
			children = (
				0F8C26071924FA1400A6223A /* AppSDK-Info.plist */,
				0F8C26081924FA1400A6223A /* InfoPlist.strings */,
				0F8C260B1924FA1400A6223A /* main.m */,
				0F8C260D1924FA1400A6223A /* AppSDK-Prefix.pch */,
			);
			name = "Supporting Files";
			sourceTree = "<group>";
		};
		0F8C26221924FA1400A6223A /* AppSDKTests */ = {
			isa = PBXGroup;
			children = (
				0F912A0C19EC74C000F0111E /* InMemoryAppStorageTest.m */,
				0F912A0719EC50F300F0111E /* AppStorageTest.m */,
				0F912A0519E89E0A00F0111E /* NSUserDefaultsTest.m */,
				0F8C26231924FA1400A6223A /* Supporting Files */,
			);
			path = AppSDKTests;
			sourceTree = "<group>";
		};
		0F8C26231924FA1400A6223A /* Supporting Files */ = {
			isa = PBXGroup;
			children = (
				0F8C26241924FA1400A6223A /* AppSDKTests-Info.plist */,
				0F8C26251924FA1400A6223A /* InfoPlist.strings */,
			);
			name = "Supporting Files";
			sourceTree = "<group>";
		};
		0F8C26321924FA2700A6223A /* AppLib */ = {
			isa = PBXGroup;
			children = (
				0F91298819E74F4300F0111E /* AppLib.h */,
				0F9129CD19E85BA400F0111E /* Shared */,
				0F8C26351924FB1600A6223A /* Extension */,
				0F8C26B11925539200A6223A /* Value Transformer */,
				0F8C263A1924FBC000A6223A /* Scheduler */,
			);
			path = AppLib;
			sourceTree = "<group>";
		};
		0F8C26331924FA3B00A6223A /* UILib */ = {
			isa = PBXGroup;
			children = (
				0F91299019E8433200F0111E /* UILib.h */,
				0F8C263C1924FC2700A6223A /* Extension */,
				0F87C7F319ABAEA100E79260 /* Autolayout */,
				0F8C263E1924FC5600A6223A /* Data Binding */,
				0F8C263D1924FC3400A6223A /* Tag Table */,
			);
			path = UILib;
			sourceTree = "<group>";
		};
		0F8C26341924FA4500A6223A /* DataLib */ = {
			isa = PBXGroup;
			children = (
				0F91298C19E8423700F0111E /* DataLib.h */,
				0F91298419E73BD100F0111E /* Shared */,
				0F8C26381924FB4500A6223A /* Disk Persistent */,
				0F8C26371924FB3700A6223A /* App Persistent */,
				0F8C26361924FB2C00A6223A /* CoreData */,
			);
			path = DataLib;
			sourceTree = "<group>";
		};
		0F8C26351924FB1600A6223A /* Extension */ = {
			isa = PBXGroup;
			children = (
				0F91298919E8403000F0111E /* AppLibExtension.h */,
				0F8C26571925376C00A6223A /* NSObject+AL.h */,
				0F8C26581925376C00A6223A /* NSObject+AL.m */,
				0F8C266019253CBB00A6223A /* UIDevice+Compatibility.h */,
				0F8C266119253CBB00A6223A /* UIDevice+Compatibility.m */,
				0F8C2676192544AE00A6223A /* NSArray+AL.h */,
				0F8C2677192544AE00A6223A /* NSArray+AL.m */,
				0F8C26791925460000A6223A /* NSMutableArray+AL.h */,
				0F8C267A1925460000A6223A /* NSMutableArray+AL.m */,
				0F8C267C192546FF00A6223A /* NSString+AL.h */,
				0F8C267D192546FF00A6223A /* NSString+AL.m */,
			);
			path = Extension;
			sourceTree = "<group>";
		};
		0F8C26361924FB2C00A6223A /* CoreData */ = {
			isa = PBXGroup;
			children = (
				0F91298F19E842FF00F0111E /* DataLibCoreData.h */,
				0FC96E291925AED000AB5AE4 /* _Controller */,
				0F8C26BB1925765600A6223A /* _Extension */,
				0FC96E241925A45C00AB5AE4 /* _Singleton */,
			);
			path = CoreData;
			sourceTree = "<group>";
		};
		0F8C26371924FB3700A6223A /* App Persistent */ = {
			isa = PBXGroup;
			children = (
				0F91298E19E842D700F0111E /* DataLibAppPersistent.h */,
				0F9129CA19E857FF00F0111E /* DLAppStorage.h */,
				0F9129CB19E857FF00F0111E /* DLAppStorage.m */,
				0F912A0919EC5C8C00F0111E /* DLInMemoryAppStorage.h */,
				0F912A0A19EC5C8C00F0111E /* DLInMemoryAppStorage.m */,
				0F8C26BA192575CD00A6223A /* _Extension */,
			);
			path = "App Persistent";
			sourceTree = "<group>";
		};
		0F8C26381924FB4500A6223A /* Disk Persistent */ = {
			isa = PBXGroup;
			children = (
				0F91298D19E842AD00F0111E /* DataLibDiskPersistent.h */,
				0FC96E371925BA6F00AB5AE4 /* DLFileManager.h */,
				0FC96E381925BA6F00AB5AE4 /* DLFileManager.m */,
			);
			path = "Disk Persistent";
			sourceTree = "<group>";
		};
		0F8C263A1924FBC000A6223A /* Scheduler */ = {
			isa = PBXGroup;
			children = (
				0F91298B19E8420D00F0111E /* AppLibScheduler.h */,
				0F69E09319FB03BE00898CC5 /* ALScheduleManager.h */,
				0F69E09419FB03BE00898CC5 /* ALScheduleManager.m */,
				0F69E09619FB060B00898CC5 /* ALScheduledTask.h */,
				0F69E09719FB060B00898CC5 /* ALScheduledTask.m */,
			);
			path = Scheduler;
			sourceTree = "<group>";
		};
		0F8C263C1924FC2700A6223A /* Extension */ = {
			isa = PBXGroup;
			children = (
				0F91299119E8436B00F0111E /* UILibExtension.h */,
				0F8C264219252C0900A6223A /* _Blur */,
				0F8C263F1924FE7C00A6223A /* UIView+UL.h */,
				0F8C26401924FE7C00A6223A /* UIView+UL.m */,
				0FC96F5B192A6EAE00AB5AE4 /* UIView+Border.h */,
				0FC96F5C192A6EAE00AB5AE4 /* UIView+Border.m */,
				0F8C266319253E9A00A6223A /* UIColor+UL.h */,
				0F8C266419253E9A00A6223A /* UIColor+UL.m */,
				0F8C266619253F7F00A6223A /* UIImage+UL.h */,
				0F8C266719253F7F00A6223A /* UIImage+UL.m */,
				0F8C2669192540BF00A6223A /* UIAlertView+UL.h */,
				0F8C266A192540BF00A6223A /* UIAlertView+UL.m */,
				0F8C266C1925424500A6223A /* UIActionSheet+UL.h */,
				0F8C266D1925424500A6223A /* UIActionSheet+UL.m */,
				0F8C2673192543BF00A6223A /* UIViewController+UL.h */,
				0F8C2674192543BF00A6223A /* UIViewController+UL.m */,
				0F8C267F192547D900A6223A /* UIBarButtonItem+UL.h */,
				0F8C2680192547D900A6223A /* UIBarButtonItem+UL.m */,
				0F8C268219254B3D00A6223A /* UITextField+UL.h */,
				0F8C268319254B3D00A6223A /* UITextField+UL.m */,
				0F069BD4195C989000B9BEB8 /* UITextView+UL.h */,
				0F069BD5195C989000B9BEB8 /* UITextView+UL.m */,
				0F8C268519254C8B00A6223A /* UINavigationBar+UL.h */,
				0F8C268619254C8B00A6223A /* UINavigationBar+UL.m */,
			);
			path = Extension;
			sourceTree = "<group>";
		};
		0F8C263D1924FC3400A6223A /* Tag Table */ = {
			isa = PBXGroup;
			children = (
				0F91299419E8441900F0111E /* UILibTagTable.h */,
				0F8C26C51925986900A6223A /* ULTagTableViewController.h */,
				0F8C26C61925986900A6223A /* ULTagTableViewController.m */,
			);
			path = "Tag Table";
			sourceTree = "<group>";
		};
		0F8C263E1924FC5600A6223A /* Data Binding */ = {
			isa = PBXGroup;
			children = (
				0F91299319E843E300F0111E /* UILibDataBinding.h */,
				0F8C264919252DCE00A6223A /* _Extension */,
				0F8C26BE1925963100A6223A /* _Singleton */,
				0F8C26BD192595FF00A6223A /* _DataSources */,
			);
			path = "Data Binding";
			sourceTree = "<group>";
		};
		0F8C264219252C0900A6223A /* _Blur */ = {
			isa = PBXGroup;
			children = (
				0F8C264319252C7200A6223A /* UIImage+StackBlur.h */,
				0F8C264419252C7200A6223A /* UIImage+StackBlur.m */,
				0F8C264619252C9700A6223A /* UIView+Blur.h */,
				0F8C264719252C9700A6223A /* UIView+Blur.m */,
			);
			name = _Blur;
			sourceTree = "<group>";
		};
		0F8C264919252DCE00A6223A /* _Extension */ = {
			isa = PBXGroup;
			children = (
				0F8C264A19252F1D00A6223A /* UIView+DataBinding.h */,
				0F8C264B19252F1D00A6223A /* UIView+DataBinding.m */,
				0F3FA72A192D622200475394 /* UIViewController+DataBinding.h */,
				0F3FA72B192D622200475394 /* UIViewController+DataBinding.m */,
			);
			name = _Extension;
			sourceTree = "<group>";
		};
		0F8C26B11925539200A6223A /* Value Transformer */ = {
			isa = PBXGroup;
			children = (
				0F91298A19E8416A00F0111E /* AppLibValueTransformer.h */,
				0F8C264E19252F8600A6223A /* ALSetterTransformer.h */,
				0F8C264F19252F8600A6223A /* ALSetterTransformer.m */,
				0F8C265019252F8600A6223A /* ALPropertiesTransformer.h */,
				0F8C265119252F8600A6223A /* ALPropertiesTransformer.m */,
			);
			path = "Value Transformer";
			sourceTree = "<group>";
		};
		0F8C26BA192575CD00A6223A /* _Extension */ = {
			isa = PBXGroup;
			children = (
				0F8C26701925435B00A6223A /* NSUserDefaults+DL.h */,
				0F8C26711925435B00A6223A /* NSUserDefaults+DL.m */,
			);
			name = _Extension;
			sourceTree = "<group>";
		};
		0F8C26BB1925765600A6223A /* _Extension */ = {
			isa = PBXGroup;
			children = (
				0FC96E1E1925A36400AB5AE4 /* NSManagedObject+DL.h */,
				0FC96E1F1925A36400AB5AE4 /* NSManagedObject+DL.m */,
				0FC96E211925A3E500AB5AE4 /* NSManagedObjectContext+DL.h */,
				0FC96E221925A3E500AB5AE4 /* NSManagedObjectContext+DL.m */,
			);
			name = _Extension;
			sourceTree = "<group>";
		};
		0F8C26BD192595FF00A6223A /* _DataSources */ = {
			isa = PBXGroup;
			children = (
				0F8C26C2192596A500A6223A /* ULManagedDataSource.h */,
				0F8C26C3192596A500A6223A /* ULManagedDataSource.m */,
				0F8C265419252F9500A6223A /* ULViewDataSource.h */,
				0F8C265519252F9500A6223A /* ULViewDataSource.m */,
			);
			name = _DataSources;
			sourceTree = "<group>";
		};
		0F8C26BE1925963100A6223A /* _Singleton */ = {
			isa = PBXGroup;
			children = (
				0F8C26BF1925967600A6223A /* ULDataSourceManager.h */,
				0F8C26C01925967600A6223A /* ULDataSourceManager.m */,
			);
			name = _Singleton;
			sourceTree = "<group>";
		};
		0F91298419E73BD100F0111E /* Shared */ = {
			isa = PBXGroup;
			children = (
				0F9129C719E84B5300F0111E /* DataLibShared.h */,
				0F91298519E73BFB00F0111E /* DLStorage.h */,
				0F91298619E73BFB00F0111E /* DLStorage.m */,
			);
			path = Shared;
			sourceTree = "<group>";
		};
		0F9129CD19E85BA400F0111E /* Shared */ = {
			isa = PBXGroup;
			children = (
				0F9129CE19E85C0E00F0111E /* AppLibShared.h */,
			);
			path = Shared;
			sourceTree = "<group>";
		};
		0FC96E241925A45C00AB5AE4 /* _Singleton */ = {
			isa = PBXGroup;
			children = (
				0FC96E251925A49100AB5AE4 /* DLMOCManager.h */,
				0FC96E261925A49100AB5AE4 /* DLMOCManager_Private.h */,
				0FC96E271925A49100AB5AE4 /* DLMOCManager.m */,
			);
			name = _Singleton;
			sourceTree = "<group>";
		};
		0FC96E291925AED000AB5AE4 /* _Controller */ = {
			isa = PBXGroup;
			children = (
				0FC96E2A1925B19F00AB5AE4 /* DLMOCFetcher.h */,
				0FC96E2B1925B19F00AB5AE4 /* DLMOCFetcher.m */,
				0FC96E2C1925B19F00AB5AE4 /* DLMOCMonitor.h */,
				0FC96E2D1925B19F00AB5AE4 /* DLMOCMonitor.m */,
				0FC96E2E1925B19F00AB5AE4 /* DLMOCMonitor+Section.h */,
				0FC96E2F1925B19F00AB5AE4 /* DLMOCMonitor+Section.m */,
				0FC96E301925B19F00AB5AE4 /* DLMOCInteraction.h */,
				0FC96E311925B19F00AB5AE4 /* DLMOCInteraction_Private.h */,
				0FC96E321925B19F00AB5AE4 /* DLMOCInteraction.m */,
			);
			name = _Controller;
			sourceTree = "<group>";
		};
/* End PBXGroup section */

/* Begin PBXNativeTarget section */
		0F8C25F91924FA1400A6223A /* AppSDK */ = {
			isa = PBXNativeTarget;
			buildConfigurationList = 0F8C262C1924FA1400A6223A /* Build configuration list for PBXNativeTarget "AppSDK" */;
			buildPhases = (
				0F8C25F61924FA1400A6223A /* Sources */,
				0F8C25F71924FA1400A6223A /* Frameworks */,
				0F8C25F81924FA1400A6223A /* Resources */,
			);
			buildRules = (
			);
			dependencies = (
			);
			name = AppSDK;
			productName = AppSDK;
			productReference = 0F8C25FA1924FA1400A6223A /* AppSDK.app */;
			productType = "com.apple.product-type.application";
		};
		0F8C26191924FA1400A6223A /* AppSDKTests */ = {
			isa = PBXNativeTarget;
			buildConfigurationList = 0F8C262F1924FA1400A6223A /* Build configuration list for PBXNativeTarget "AppSDKTests" */;
			buildPhases = (
				0F8C26161924FA1400A6223A /* Sources */,
				0F8C26171924FA1400A6223A /* Frameworks */,
				0F8C26181924FA1400A6223A /* Resources */,
			);
			buildRules = (
			);
			dependencies = (
				0F8C26211924FA1400A6223A /* PBXTargetDependency */,
			);
			name = AppSDKTests;
			productName = AppSDKTests;
			productReference = 0F8C261A1924FA1400A6223A /* AppSDKTests.xctest */;
			productType = "com.apple.product-type.bundle.unit-test";
		};
/* End PBXNativeTarget section */

/* Begin PBXProject section */
		0F8C25F21924FA1400A6223A /* Project object */ = {
			isa = PBXProject;
			attributes = {
				CLASSPREFIX = AS;
				LastUpgradeCheck = 0510;
				ORGANIZATIONNAME = "PC Nguyen";
				TargetAttributes = {
					0F8C26191924FA1400A6223A = {
						TestTargetID = 0F8C25F91924FA1400A6223A;
					};
				};
			};
			buildConfigurationList = 0F8C25F51924FA1400A6223A /* Build configuration list for PBXProject "AppSDK" */;
			compatibilityVersion = "Xcode 3.2";
			developmentRegion = English;
			hasScannedForEncodings = 0;
			knownRegions = (
				en,
			);
			mainGroup = 0F8C25F11924FA1400A6223A;
			productRefGroup = 0F8C25FB1924FA1400A6223A /* Products */;
			projectDirPath = "";
			projectRoot = "";
			targets = (
				0F8C25F91924FA1400A6223A /* AppSDK */,
				0F8C26191924FA1400A6223A /* AppSDKTests */,
			);
		};
/* End PBXProject section */

/* Begin PBXResourcesBuildPhase section */
		0F8C25F81924FA1400A6223A /* Resources */ = {
			isa = PBXResourcesBuildPhase;
			buildActionMask = 2147483647;
			files = (
				0F8C260A1924FA1400A6223A /* InfoPlist.strings in Resources */,
				0F8C26151924FA1400A6223A /* Images.xcassets in Resources */,
				0F8C26B619255AF200A6223A /* AppSDK.podspec in Resources */,
			);
			runOnlyForDeploymentPostprocessing = 0;
		};
		0F8C26181924FA1400A6223A /* Resources */ = {
			isa = PBXResourcesBuildPhase;
			buildActionMask = 2147483647;
			files = (
				0F8C26271924FA1400A6223A /* InfoPlist.strings in Resources */,
			);
			runOnlyForDeploymentPostprocessing = 0;
		};
/* End PBXResourcesBuildPhase section */

/* Begin PBXSourcesBuildPhase section */
		0F8C25F61924FA1400A6223A /* Sources */ = {
			isa = PBXSourcesBuildPhase;
			buildActionMask = 2147483647;
			files = (
				0F8C26C11925967600A6223A /* ULDataSourceManager.m in Sources */,
				0F8C264519252C7200A6223A /* UIImage+StackBlur.m in Sources */,
				0F8C266519253E9A00A6223A /* UIColor+UL.m in Sources */,
				0FC96F5D192A6EAE00AB5AE4 /* UIView+Border.m in Sources */,
				0F8C26101924FA1400A6223A /* ASAppDelegate.m in Sources */,
				0FC96E341925B19F00AB5AE4 /* DLMOCMonitor.m in Sources */,
				0F8C265219252F8600A6223A /* ALSetterTransformer.m in Sources */,
				0F69E0A819FEFFE400898CC5 /* ASMainMenu.m in Sources */,
				0F8C267B1925460000A6223A /* NSMutableArray+AL.m in Sources */,
				0F87C7FE19ABAED700E79260 /* UIView+Hierachy.m in Sources */,
				0F69E0AB19FF011D00898CC5 /* ASMainMenuDataSource.m in Sources */,
				0F8C265319252F8600A6223A /* ALPropertiesTransformer.m in Sources */,
				0F8C268719254C8B00A6223A /* UINavigationBar+UL.m in Sources */,
				0F8C2678192544AE00A6223A /* NSArray+AL.m in Sources */,
				0FC96E361925B19F00AB5AE4 /* DLMOCInteraction.m in Sources */,
				0F8C2675192543BF00A6223A /* UIViewController+UL.m in Sources */,
				0FC96E231925A3E500AB5AE4 /* NSManagedObjectContext+DL.m in Sources */,
				0FC96E351925B19F00AB5AE4 /* DLMOCMonitor+Section.m in Sources */,
				0FC96E201925A36400AB5AE4 /* NSManagedObject+DL.m in Sources */,
				0F8C26131924FA1400A6223A /* AppSDK.xcdatamodeld in Sources */,
				0F8C264819252C9700A6223A /* UIView+Blur.m in Sources */,
				0F8C267E192546FF00A6223A /* NSString+AL.m in Sources */,
				0F8C266219253CBB00A6223A /* UIDevice+Compatibility.m in Sources */,
				0F69E09819FB060B00898CC5 /* ALScheduledTask.m in Sources */,
				0F8C264C19252F1D00A6223A /* UIView+DataBinding.m in Sources */,
				0F8C26C4192596A500A6223A /* ULManagedDataSource.m in Sources */,
				0F8C268419254B3D00A6223A /* UITextField+UL.m in Sources */,
				0F87C7FF19ABAED700E79260 /* UIView+LayoutPosition.m in Sources */,
				0F9129CC19E857FF00F0111E /* DLAppStorage.m in Sources */,
				0F69E0B119FF09FA00898CC5 /* ASScheduleDataSource.m in Sources */,
				0F8C26591925376C00A6223A /* NSObject+AL.m in Sources */,
				0F8C266B192540BF00A6223A /* UIAlertView+UL.m in Sources */,
				0FC96E281925A49100AB5AE4 /* DLMOCManager.m in Sources */,
				0F91298719E73BFB00F0111E /* DLStorage.m in Sources */,
				0F8C265619252F9500A6223A /* ULViewDataSource.m in Sources */,
				0F8C260C1924FA1400A6223A /* main.m in Sources */,
				0F69E0AE19FF02A700898CC5 /* ASScheduleViewController.m in Sources */,
				0F8C26C71925986900A6223A /* ULTagTableViewController.m in Sources */,
				0F69E09519FB03BE00898CC5 /* ALScheduleManager.m in Sources */,
				0F3FA72C192D622200475394 /* UIViewController+DataBinding.m in Sources */,
				0F069BD6195C989000B9BEB8 /* UITextView+UL.m in Sources */,
				0FC96E331925B19F00AB5AE4 /* DLMOCFetcher.m in Sources */,
				0F8C266819253F7F00A6223A /* UIImage+UL.m in Sources */,
				0F8C266E1925424500A6223A /* UIActionSheet+UL.m in Sources */,
				0F8C26721925435B00A6223A /* NSUserDefaults+DL.m in Sources */,
				0F87C7FC19ABAED700E79260 /* NSLayoutConstraint+UL.m in Sources */,
				0F8C26411924FE7C00A6223A /* UIView+UL.m in Sources */,
				0F912A0B19EC5C8C00F0111E /* DLInMemoryAppStorage.m in Sources */,
				0FC96E391925BA6F00AB5AE4 /* DLFileManager.m in Sources */,
				0F8C2681192547D900A6223A /* UIBarButtonItem+UL.m in Sources */,
			);
			runOnlyForDeploymentPostprocessing = 0;
		};
		0F8C26161924FA1400A6223A /* Sources */ = {
			isa = PBXSourcesBuildPhase;
			buildActionMask = 2147483647;
			files = (
				0F912A0619E89E0A00F0111E /* NSUserDefaultsTest.m in Sources */,
				0F912A0819EC50F300F0111E /* AppStorageTest.m in Sources */,
				0F912A0D19EC74C000F0111E /* InMemoryAppStorageTest.m in Sources */,
			);
			runOnlyForDeploymentPostprocessing = 0;
		};
/* End PBXSourcesBuildPhase section */

/* Begin PBXTargetDependency section */
		0F8C26211924FA1400A6223A /* PBXTargetDependency */ = {
			isa = PBXTargetDependency;
			target = 0F8C25F91924FA1400A6223A /* AppSDK */;
			targetProxy = 0F8C26201924FA1400A6223A /* PBXContainerItemProxy */;
		};
/* End PBXTargetDependency section */

/* Begin PBXVariantGroup section */
		0F8C26081924FA1400A6223A /* InfoPlist.strings */ = {
			isa = PBXVariantGroup;
			children = (
				0F8C26091924FA1400A6223A /* en */,
			);
			name = InfoPlist.strings;
			sourceTree = "<group>";
		};
		0F8C26251924FA1400A6223A /* InfoPlist.strings */ = {
			isa = PBXVariantGroup;
			children = (
				0F8C26261924FA1400A6223A /* en */,
			);
			name = InfoPlist.strings;
			sourceTree = "<group>";
		};
/* End PBXVariantGroup section */

/* Begin XCBuildConfiguration section */
		0F8C262A1924FA1400A6223A /* Debug */ = {
			isa = XCBuildConfiguration;
			buildSettings = {
				ALWAYS_SEARCH_USER_PATHS = NO;
				CLANG_CXX_LANGUAGE_STANDARD = "gnu++0x";
				CLANG_CXX_LIBRARY = "libc++";
				CLANG_ENABLE_MODULES = YES;
				CLANG_ENABLE_OBJC_ARC = YES;
				CLANG_WARN_BOOL_CONVERSION = YES;
				CLANG_WARN_CONSTANT_CONVERSION = YES;
				CLANG_WARN_DIRECT_OBJC_ISA_USAGE = YES_ERROR;
				CLANG_WARN_EMPTY_BODY = YES;
				CLANG_WARN_ENUM_CONVERSION = YES;
				CLANG_WARN_INT_CONVERSION = YES;
				CLANG_WARN_OBJC_ROOT_CLASS = YES_ERROR;
				CLANG_WARN__DUPLICATE_METHOD_MATCH = YES;
				"CODE_SIGN_IDENTITY[sdk=iphoneos*]" = "iPhone Developer";
				COPY_PHASE_STRIP = NO;
				GCC_C_LANGUAGE_STANDARD = gnu99;
				GCC_DYNAMIC_NO_PIC = NO;
				GCC_OPTIMIZATION_LEVEL = 0;
				GCC_PREPROCESSOR_DEFINITIONS = (
					"DEBUG=1",
					"$(inherited)",
				);
				GCC_SYMBOLS_PRIVATE_EXTERN = NO;
				GCC_WARN_64_TO_32_BIT_CONVERSION = YES;
				GCC_WARN_ABOUT_RETURN_TYPE = YES_ERROR;
				GCC_WARN_UNDECLARED_SELECTOR = YES;
				GCC_WARN_UNINITIALIZED_AUTOS = YES_AGGRESSIVE;
				GCC_WARN_UNUSED_FUNCTION = YES;
				GCC_WARN_UNUSED_VARIABLE = YES;
				IPHONEOS_DEPLOYMENT_TARGET = 6.0;
				ONLY_ACTIVE_ARCH = YES;
				SDKROOT = iphoneos;
				TARGETED_DEVICE_FAMILY = "1,2";
			};
			name = Debug;
		};
		0F8C262B1924FA1400A6223A /* Release */ = {
			isa = XCBuildConfiguration;
			buildSettings = {
				ALWAYS_SEARCH_USER_PATHS = NO;
				CLANG_CXX_LANGUAGE_STANDARD = "gnu++0x";
				CLANG_CXX_LIBRARY = "libc++";
				CLANG_ENABLE_MODULES = YES;
				CLANG_ENABLE_OBJC_ARC = YES;
				CLANG_WARN_BOOL_CONVERSION = YES;
				CLANG_WARN_CONSTANT_CONVERSION = YES;
				CLANG_WARN_DIRECT_OBJC_ISA_USAGE = YES_ERROR;
				CLANG_WARN_EMPTY_BODY = YES;
				CLANG_WARN_ENUM_CONVERSION = YES;
				CLANG_WARN_INT_CONVERSION = YES;
				CLANG_WARN_OBJC_ROOT_CLASS = YES_ERROR;
				CLANG_WARN__DUPLICATE_METHOD_MATCH = YES;
				"CODE_SIGN_IDENTITY[sdk=iphoneos*]" = "iPhone Developer";
				COPY_PHASE_STRIP = YES;
				ENABLE_NS_ASSERTIONS = NO;
				GCC_C_LANGUAGE_STANDARD = gnu99;
				GCC_WARN_64_TO_32_BIT_CONVERSION = YES;
				GCC_WARN_ABOUT_RETURN_TYPE = YES_ERROR;
				GCC_WARN_UNDECLARED_SELECTOR = YES;
				GCC_WARN_UNINITIALIZED_AUTOS = YES_AGGRESSIVE;
				GCC_WARN_UNUSED_FUNCTION = YES;
				GCC_WARN_UNUSED_VARIABLE = YES;
				IPHONEOS_DEPLOYMENT_TARGET = 6.0;
				SDKROOT = iphoneos;
				TARGETED_DEVICE_FAMILY = "1,2";
				VALIDATE_PRODUCT = YES;
			};
			name = Release;
		};
		0F8C262D1924FA1400A6223A /* Debug */ = {
			isa = XCBuildConfiguration;
			buildSettings = {
				ASSETCATALOG_COMPILER_APPICON_NAME = AppIcon;
				ASSETCATALOG_COMPILER_LAUNCHIMAGE_NAME = LaunchImage;
				GCC_PRECOMPILE_PREFIX_HEADER = YES;
				GCC_PREFIX_HEADER = "AppSDK/AppSDK-Prefix.pch";
				INFOPLIST_FILE = "AppSDK/AppSDK-Info.plist";
				IPHONEOS_DEPLOYMENT_TARGET = 6.0;
				PRODUCT_NAME = "$(TARGET_NAME)";
				WRAPPER_EXTENSION = app;
			};
			name = Debug;
		};
		0F8C262E1924FA1400A6223A /* Release */ = {
			isa = XCBuildConfiguration;
			buildSettings = {
				ASSETCATALOG_COMPILER_APPICON_NAME = AppIcon;
				ASSETCATALOG_COMPILER_LAUNCHIMAGE_NAME = LaunchImage;
				GCC_PRECOMPILE_PREFIX_HEADER = YES;
				GCC_PREFIX_HEADER = "AppSDK/AppSDK-Prefix.pch";
				INFOPLIST_FILE = "AppSDK/AppSDK-Info.plist";
				IPHONEOS_DEPLOYMENT_TARGET = 6.0;
				PRODUCT_NAME = "$(TARGET_NAME)";
				WRAPPER_EXTENSION = app;
			};
			name = Release;
		};
		0F8C26301924FA1400A6223A /* Debug */ = {
			isa = XCBuildConfiguration;
			buildSettings = {
				BUNDLE_LOADER = "$(BUILT_PRODUCTS_DIR)/AppSDK.app/AppSDK";
				FRAMEWORK_SEARCH_PATHS = (
					"$(SDKROOT)/Developer/Library/Frameworks",
					"$(inherited)",
					"$(DEVELOPER_FRAMEWORKS_DIR)",
				);
				GCC_PRECOMPILE_PREFIX_HEADER = YES;
				GCC_PREFIX_HEADER = "AppSDK/AppSDK-Prefix.pch";
				GCC_PREPROCESSOR_DEFINITIONS = (
					"DEBUG=1",
					"$(inherited)",
				);
				INFOPLIST_FILE = "AppSDKTests/AppSDKTests-Info.plist";
				PRODUCT_NAME = "$(TARGET_NAME)";
				TEST_HOST = "$(BUNDLE_LOADER)";
				WRAPPER_EXTENSION = xctest;
			};
			name = Debug;
		};
		0F8C26311924FA1400A6223A /* Release */ = {
			isa = XCBuildConfiguration;
			buildSettings = {
				BUNDLE_LOADER = "$(BUILT_PRODUCTS_DIR)/AppSDK.app/AppSDK";
				FRAMEWORK_SEARCH_PATHS = (
					"$(SDKROOT)/Developer/Library/Frameworks",
					"$(inherited)",
					"$(DEVELOPER_FRAMEWORKS_DIR)",
				);
				GCC_PRECOMPILE_PREFIX_HEADER = YES;
				GCC_PREFIX_HEADER = "AppSDK/AppSDK-Prefix.pch";
				INFOPLIST_FILE = "AppSDKTests/AppSDKTests-Info.plist";
				PRODUCT_NAME = "$(TARGET_NAME)";
				TEST_HOST = "$(BUNDLE_LOADER)";
				WRAPPER_EXTENSION = xctest;
			};
			name = Release;
		};
/* End XCBuildConfiguration section */

/* Begin XCConfigurationList section */
		0F8C25F51924FA1400A6223A /* Build configuration list for PBXProject "AppSDK" */ = {
			isa = XCConfigurationList;
			buildConfigurations = (
				0F8C262A1924FA1400A6223A /* Debug */,
				0F8C262B1924FA1400A6223A /* Release */,
			);
			defaultConfigurationIsVisible = 0;
			defaultConfigurationName = Release;
		};
		0F8C262C1924FA1400A6223A /* Build configuration list for PBXNativeTarget "AppSDK" */ = {
			isa = XCConfigurationList;
			buildConfigurations = (
				0F8C262D1924FA1400A6223A /* Debug */,
				0F8C262E1924FA1400A6223A /* Release */,
			);
			defaultConfigurationIsVisible = 0;
			defaultConfigurationName = Release;
		};
		0F8C262F1924FA1400A6223A /* Build configuration list for PBXNativeTarget "AppSDKTests" */ = {
			isa = XCConfigurationList;
			buildConfigurations = (
				0F8C26301924FA1400A6223A /* Debug */,
				0F8C26311924FA1400A6223A /* Release */,
			);
			defaultConfigurationIsVisible = 0;
			defaultConfigurationName = Release;
		};
/* End XCConfigurationList section */

/* Begin XCVersionGroup section */
		0F8C26111924FA1400A6223A /* AppSDK.xcdatamodeld */ = {
			isa = XCVersionGroup;
			children = (
				0F8C26121924FA1400A6223A /* AppSDK.xcdatamodel */,
			);
			currentVersion = 0F8C26121924FA1400A6223A /* AppSDK.xcdatamodel */;
			path = AppSDK.xcdatamodeld;
			sourceTree = "<group>";
			versionGroupType = wrapper.xcdatamodel;
		};
/* End XCVersionGroup section */
	};
	rootObject = 0F8C25F21924FA1400A6223A /* Project object */;
}
